
Microsoft Visual Studio Solution File, Format Version 12.00
# Visual Studio Version 16
VisualStudioVersion = 16.0.30717.126
MinimumVisualStudioVersion = 10.0.40219.1
Project("{FAE04EC0-301F-11D3-BF4B-00C04F79EFBC}") = "URLShorteningCoreService", "URLShorteningCoreService\URLShorteningCoreService.csproj", "{D381EC3B-FD07-4594-813F-DD9CBAFC5CD9}"
EndProject
Global
	GlobalSection(SolutionConfigurationPlatforms) = preSolution
		Debug|Any CPU = Debug|Any CPU
		Release|Any CPU = Release|Any CPU
	EndGlobalSection
	GlobalSection(ProjectConfigurationPlatforms) = postSolution
		{D381EC3B-FD07-4594-813F-DD9CBAFC5CD9}.Debug|Any CPU.ActiveCfg = Debug|Any CPU
		{D381EC3B-FD07-4594-813F-DD9CBAFC5CD9}.Debug|Any CPU.Build.0 = Debug|Any CPU
		{D381EC3B-FD07-4594-813F-DD9CBAFC5CD9}.Release|Any CPU.ActiveCfg = Release|Any CPU
		{D381EC3B-FD07-4594-813F-DD9CBAFC5CD9}.Release|Any CPU.Build.0 = Release|Any CPU
	EndGlobalSection
	GlobalSection(SolutionProperties) = preSolution
		HideSolutionNode = FALSE
	EndGlobalSection
	GlobalSection(ExtensibilityGlobals) = postSolution
		SolutionGuid = {F811A271-F767-477D-A701-ECCB566775B5}
	EndGlobalSection
EndGlobal
